
Microsoft Visual Studio Solution File, Format Version 12.00
# Visual Studio Version 17
VisualStudioVersion = 17.0.31903.59
MinimumVisualStudioVersion = 10.0.40219.1
Project("{2150E333-8FDC-42A3-9474-1A3956D46DE8}") = "backend", "backend", "{1AE8ACA6-933B-BF2A-3671-3E2EAC007D16}"
EndProject
Project("{FAE04EC0-301F-11D3-BF4B-00C04F79EFBC}") = "Domain", "backend\Domain\Domain.csproj", "{B21AB66B-0BC3-4637-A8B0-14432B05043C}"
EndProject
Project("{FAE04EC0-301F-11D3-BF4B-00C04F79EFBC}") = "Infrastructure", "backend\Infrastructure\Infrastructure.csproj", "{CD0D84D2-907A-4618-B9B9-D83A4D71D0A2}"
EndProject
Project("{FAE04EC0-301F-11D3-BF4B-00C04F79EFBC}") = "Api", "backend\Api\Api.csproj", "{A30E75D3-A7E7-4CEE-A3C4-9A215EC7067D}"
EndProject
Project("{FAE04EC0-301F-11D3-BF4B-00C04F79EFBC}") = "Domain.Tests", "backend\Domain.Tests\Domain.Tests.csproj", "{06FCC3DC-CF05-4471-8DC8-FDE3311C19D0}"
EndProject
Project("{FAE04EC0-301F-11D3-BF4B-00C04F79EFBC}") = "Infrastructure.Tests", "backend\Infrastructure.Tests\Infrastructure.Tests.csproj", "{98E35F0C-2839-4DB2-B282-7B8F985A9B10}"
EndProject
Project("{FAE04EC0-301F-11D3-BF4B-00C04F79EFBC}") = "Api.Tests", "backend\Api.Tests\Api.Tests.csproj", "{C84F8431-B5C7-4F94-8BD8-865F85A9FC7D}"
EndProject
Global
	GlobalSection(SolutionConfigurationPlatforms) = preSolution
		Debug|Any CPU = Debug|Any CPU
		Debug|x64 = Debug|x64
		Debug|x86 = Debug|x86
		Release|Any CPU = Release|Any CPU
		Release|x64 = Release|x64
		Release|x86 = Release|x86
	EndGlobalSection
	GlobalSection(ProjectConfigurationPlatforms) = postSolution
		{B21AB66B-0BC3-4637-A8B0-14432B05043C}.Debug|Any CPU.ActiveCfg = Debug|Any CPU
		{B21AB66B-0BC3-4637-A8B0-14432B05043C}.Debug|Any CPU.Build.0 = Debug|Any CPU
		{B21AB66B-0BC3-4637-A8B0-14432B05043C}.Debug|x64.ActiveCfg = Debug|Any CPU
		{B21AB66B-0BC3-4637-A8B0-14432B05043C}.Debug|x64.Build.0 = Debug|Any CPU
		{B21AB66B-0BC3-4637-A8B0-14432B05043C}.Debug|x86.ActiveCfg = Debug|Any CPU
		{B21AB66B-0BC3-4637-A8B0-14432B05043C}.Debug|x86.Build.0 = Debug|Any CPU
		{B21AB66B-0BC3-4637-A8B0-14432B05043C}.Release|Any CPU.ActiveCfg = Release|Any CPU
		{B21AB66B-0BC3-4637-A8B0-14432B05043C}.Release|Any CPU.Build.0 = Release|Any CPU
		{B21AB66B-0BC3-4637-A8B0-14432B05043C}.Release|x64.ActiveCfg = Release|Any CPU
		{B21AB66B-0BC3-4637-A8B0-14432B05043C}.Release|x64.Build.0 = Release|Any CPU
		{B21AB66B-0BC3-4637-A8B0-14432B05043C}.Release|x86.ActiveCfg = Release|Any CPU
		{B21AB66B-0BC3-4637-A8B0-14432B05043C}.Release|x86.Build.0 = Release|Any CPU
		{CD0D84D2-907A-4618-B9B9-D83A4D71D0A2}.Debug|Any CPU.ActiveCfg = Debug|Any CPU
		{CD0D84D2-907A-4618-B9B9-D83A4D71D0A2}.Debug|Any CPU.Build.0 = Debug|Any CPU
		{CD0D84D2-907A-4618-B9B9-D83A4D71D0A2}.Debug|x64.ActiveCfg = Debug|Any CPU
		{CD0D84D2-907A-4618-B9B9-D83A4D71D0A2}.Debug|x64.Build.0 = Debug|Any CPU
		{CD0D84D2-907A-4618-B9B9-D83A4D71D0A2}.Debug|x86.ActiveCfg = Debug|Any CPU
		{CD0D84D2-907A-4618-B9B9-D83A4D71D0A2}.Debug|x86.Build.0 = Debug|Any CPU
		{CD0D84D2-907A-4618-B9B9-D83A4D71D0A2}.Release|Any CPU.ActiveCfg = Release|Any CPU
		{CD0D84D2-907A-4618-B9B9-D83A4D71D0A2}.Release|Any CPU.Build.0 = Release|Any CPU
		{CD0D84D2-907A-4618-B9B9-D83A4D71D0A2}.Release|x64.ActiveCfg = Release|Any CPU
		{CD0D84D2-907A-4618-B9B9-D83A4D71D0A2}.Release|x64.Build.0 = Release|Any CPU
		{CD0D84D2-907A-4618-B9B9-D83A4D71D0A2}.Release|x86.ActiveCfg = Release|Any CPU
		{CD0D84D2-907A-4618-B9B9-D83A4D71D0A2}.Release|x86.Build.0 = Release|Any CPU
		{A30E75D3-A7E7-4CEE-A3C4-9A215EC7067D}.Debug|Any CPU.ActiveCfg = Debug|Any CPU
		{A30E75D3-A7E7-4CEE-A3C4-9A215EC7067D}.Debug|Any CPU.Build.0 = Debug|Any CPU
		{A30E75D3-A7E7-4CEE-A3C4-9A215EC7067D}.Debug|x64.ActiveCfg = Debug|Any CPU
		{A30E75D3-A7E7-4CEE-A3C4-9A215EC7067D}.Debug|x64.Build.0 = Debug|Any CPU
		{A30E75D3-A7E7-4CEE-A3C4-9A215EC7067D}.Debug|x86.ActiveCfg = Debug|Any CPU
		{A30E75D3-A7E7-4CEE-A3C4-9A215EC7067D}.Debug|x86.Build.0 = Debug|Any CPU
		{A30E75D3-A7E7-4CEE-A3C4-9A215EC7067D}.Release|Any CPU.ActiveCfg = Release|Any CPU
		{A30E75D3-A7E7-4CEE-A3C4-9A215EC7067D}.Release|Any CPU.Build.0 = Release|Any CPU
		{A30E75D3-A7E7-4CEE-A3C4-9A215EC7067D}.Release|x64.ActiveCfg = Release|Any CPU
		{A30E75D3-A7E7-4CEE-A3C4-9A215EC7067D}.Release|x64.Build.0 = Release|Any CPU
		{A30E75D3-A7E7-4CEE-A3C4-9A215EC7067D}.Release|x86.ActiveCfg = Release|Any CPU
		{A30E75D3-A7E7-4CEE-A3C4-9A215EC7067D}.Release|x86.Build.0 = Release|Any CPU
		{06FCC3DC-CF05-4471-8DC8-FDE3311C19D0}.Debug|Any CPU.ActiveCfg = Debug|Any CPU
		{06FCC3DC-CF05-4471-8DC8-FDE3311C19D0}.Debug|Any CPU.Build.0 = Debug|Any CPU
		{06FCC3DC-CF05-4471-8DC8-FDE3311C19D0}.Debug|x64.ActiveCfg = Debug|Any CPU
		{06FCC3DC-CF05-4471-8DC8-FDE3311C19D0}.Debug|x64.Build.0 = Debug|Any CPU
		{06FCC3DC-CF05-4471-8DC8-FDE3311C19D0}.Debug|x86.ActiveCfg = Debug|Any CPU
		{06FCC3DC-CF05-4471-8DC8-FDE3311C19D0}.Debug|x86.Build.0 = Debug|Any CPU
		{06FCC3DC-CF05-4471-8DC8-FDE3311C19D0}.Release|Any CPU.ActiveCfg = Release|Any CPU
		{06FCC3DC-CF05-4471-8DC8-FDE3311C19D0}.Release|Any CPU.Build.0 = Release|Any CPU
		{06FCC3DC-CF05-4471-8DC8-FDE3311C19D0}.Release|x64.ActiveCfg = Release|Any CPU
		{06FCC3DC-CF05-4471-8DC8-FDE3311C19D0}.Release|x64.Build.0 = Release|Any CPU
		{06FCC3DC-CF05-4471-8DC8-FDE3311C19D0}.Release|x86.ActiveCfg = Release|Any CPU
		{06FCC3DC-CF05-4471-8DC8-FDE3311C19D0}.Release|x86.Build.0 = Release|Any CPU
		{98E35F0C-2839-4DB2-B282-7B8F985A9B10}.Debug|Any CPU.ActiveCfg = Debug|Any CPU
		{98E35F0C-2839-4DB2-B282-7B8F985A9B10}.Debug|Any CPU.Build.0 = Debug|Any CPU
		{98E35F0C-2839-4DB2-B282-7B8F985A9B10}.Debug|x64.ActiveCfg = Debug|Any CPU
		{98E35F0C-2839-4DB2-B282-7B8F985A9B10}.Debug|x64.Build.0 = Debug|Any CPU
		{98E35F0C-2839-4DB2-B282-7B8F985A9B10}.Debug|x86.ActiveCfg = Debug|Any CPU
		{98E35F0C-2839-4DB2-B282-7B8F985A9B10}.Debug|x86.Build.0 = Debug|Any CPU
		{98E35F0C-2839-4DB2-B282-7B8F985A9B10}.Release|Any CPU.ActiveCfg = Release|Any CPU
		{98E35F0C-2839-4DB2-B282-7B8F985A9B10}.Release|Any CPU.Build.0 = Release|Any CPU
		{98E35F0C-2839-4DB2-B282-7B8F985A9B10}.Release|x64.ActiveCfg = Release|Any CPU
		{98E35F0C-2839-4DB2-B282-7B8F985A9B10}.Release|x64.Build.0 = Release|Any CPU
		{98E35F0C-2839-4DB2-B282-7B8F985A9B10}.Release|x86.ActiveCfg = Release|Any CPU
		{98E35F0C-2839-4DB2-B282-7B8F985A9B10}.Release|x86.Build.0 = Release|Any CPU
		{C84F8431-B5C7-4F94-8BD8-865F85A9FC7D}.Debug|Any CPU.ActiveCfg = Debug|Any CPU
		{C84F8431-B5C7-4F94-8BD8-865F85A9FC7D}.Debug|Any CPU.Build.0 = Debug|Any CPU
		{C84F8431-B5C7-4F94-8BD8-865F85A9FC7D}.Debug|x64.ActiveCfg = Debug|Any CPU
		{C84F8431-B5C7-4F94-8BD8-865F85A9FC7D}.Debug|x64.Build.0 = Debug|Any CPU
		{C84F8431-B5C7-4F94-8BD8-865F85A9FC7D}.Debug|x86.ActiveCfg = Debug|Any CPU
		{C84F8431-B5C7-4F94-8BD8-865F85A9FC7D}.Debug|x86.Build.0 = Debug|Any CPU
		{C84F8431-B5C7-4F94-8BD8-865F85A9FC7D}.Release|Any CPU.ActiveCfg = Release|Any CPU
		{C84F8431-B5C7-4F94-8BD8-865F85A9FC7D}.Release|Any CPU.Build.0 = Release|Any CPU
		{C84F8431-B5C7-4F94-8BD8-865F85A9FC7D}.Release|x64.ActiveCfg = Release|Any CPU
		{C84F8431-B5C7-4F94-8BD8-865F85A9FC7D}.Release|x64.Build.0 = Release|Any CPU
		{C84F8431-B5C7-4F94-8BD8-865F85A9FC7D}.Release|x86.ActiveCfg = Release|Any CPU
		{C84F8431-B5C7-4F94-8BD8-865F85A9FC7D}.Release|x86.Build.0 = Release|Any CPU
	EndGlobalSection
	GlobalSection(SolutionProperties) = preSolution
		HideSolutionNode = FALSE
	EndGlobalSection
	GlobalSection(NestedProjects) = preSolution
		{B21AB66B-0BC3-4637-A8B0-14432B05043C} = {1AE8ACA6-933B-BF2A-3671-3E2EAC007D16}
		{CD0D84D2-907A-4618-B9B9-D83A4D71D0A2} = {1AE8ACA6-933B-BF2A-3671-3E2EAC007D16}
		{A30E75D3-A7E7-4CEE-A3C4-9A215EC7067D} = {1AE8ACA6-933B-BF2A-3671-3E2EAC007D16}
		{06FCC3DC-CF05-4471-8DC8-FDE3311C19D0} = {1AE8ACA6-933B-BF2A-3671-3E2EAC007D16}
		{98E35F0C-2839-4DB2-B282-7B8F985A9B10} = {1AE8ACA6-933B-BF2A-3671-3E2EAC007D16}
		{C84F8431-B5C7-4F94-8BD8-865F85A9FC7D} = {1AE8ACA6-933B-BF2A-3671-3E2EAC007D16}
	EndGlobalSection
EndGlobal
